
Microsoft Visual Studio Solution File, Format Version 12.00
# Visual Studio Version 17
VisualStudioVersion = 17.0.31903.59
MinimumVisualStudioVersion = 10.0.40219.1
Project("{FAE04EC0-301F-11D3-BF4B-00C04F79EFBC}") = "API", "API\API.csproj", "{81B59F35-D5EC-4B9A-9142-EBFB2FEF0ACA}"
EndProject
Project("{FAE04EC0-301F-11D3-BF4B-00C04F79EFBC}") = "Application", "Application\Application.csproj", "{4D2FDE4E-A087-4029-865D-7D833E16CB3C}"
EndProject
Project("{FAE04EC0-301F-11D3-BF4B-00C04F79EFBC}") = "Domain", "Domain\Domain.csproj", "{D89ED8A2-E3B7-48F7-B231-1ED8C16ACF77}"
EndProject
Project("{FAE04EC0-301F-11D3-BF4B-00C04F79EFBC}") = "Infrastructure", "Infrastructure\Infrastructure.csproj", "{53432B37-3C8A-4F2C-80FD-3A8C7489C706}"
EndProject
Global
	GlobalSection(SolutionConfigurationPlatforms) = preSolution
		Debug|Any CPU = Debug|Any CPU
		Debug|x64 = Debug|x64
		Debug|x86 = Debug|x86
		Release|Any CPU = Release|Any CPU
		Release|x64 = Release|x64
		Release|x86 = Release|x86
	EndGlobalSection
	GlobalSection(ProjectConfigurationPlatforms) = postSolution
		{81B59F35-D5EC-4B9A-9142-EBFB2FEF0ACA}.Debug|Any CPU.ActiveCfg = Debug|Any CPU
		{81B59F35-D5EC-4B9A-9142-EBFB2FEF0ACA}.Debug|Any CPU.Build.0 = Debug|Any CPU
		{81B59F35-D5EC-4B9A-9142-EBFB2FEF0ACA}.Debug|x64.ActiveCfg = Debug|Any CPU
		{81B59F35-D5EC-4B9A-9142-EBFB2FEF0ACA}.Debug|x64.Build.0 = Debug|Any CPU
		{81B59F35-D5EC-4B9A-9142-EBFB2FEF0ACA}.Debug|x86.ActiveCfg = Debug|Any CPU
		{81B59F35-D5EC-4B9A-9142-EBFB2FEF0ACA}.Debug|x86.Build.0 = Debug|Any CPU
		{81B59F35-D5EC-4B9A-9142-EBFB2FEF0ACA}.Release|Any CPU.ActiveCfg = Release|Any CPU
		{81B59F35-D5EC-4B9A-9142-EBFB2FEF0ACA}.Release|Any CPU.Build.0 = Release|Any CPU
		{81B59F35-D5EC-4B9A-9142-EBFB2FEF0ACA}.Release|x64.ActiveCfg = Release|Any CPU
		{81B59F35-D5EC-4B9A-9142-EBFB2FEF0ACA}.Release|x64.Build.0 = Release|Any CPU
		{81B59F35-D5EC-4B9A-9142-EBFB2FEF0ACA}.Release|x86.ActiveCfg = Release|Any CPU
		{81B59F35-D5EC-4B9A-9142-EBFB2FEF0ACA}.Release|x86.Build.0 = Release|Any CPU
		{4D2FDE4E-A087-4029-865D-7D833E16CB3C}.Debug|Any CPU.ActiveCfg = Debug|Any CPU
		{4D2FDE4E-A087-4029-865D-7D833E16CB3C}.Debug|Any CPU.Build.0 = Debug|Any CPU
		{4D2FDE4E-A087-4029-865D-7D833E16CB3C}.Debug|x64.ActiveCfg = Debug|Any CPU
		{4D2FDE4E-A087-4029-865D-7D833E16CB3C}.Debug|x64.Build.0 = Debug|Any CPU
		{4D2FDE4E-A087-4029-865D-7D833E16CB3C}.Debug|x86.ActiveCfg = Debug|Any CPU
		{4D2FDE4E-A087-4029-865D-7D833E16CB3C}.Debug|x86.Build.0 = Debug|Any CPU
		{4D2FDE4E-A087-4029-865D-7D833E16CB3C}.Release|Any CPU.ActiveCfg = Release|Any CPU
		{4D2FDE4E-A087-4029-865D-7D833E16CB3C}.Release|Any CPU.Build.0 = Release|Any CPU
		{4D2FDE4E-A087-4029-865D-7D833E16CB3C}.Release|x64.ActiveCfg = Release|Any CPU
		{4D2FDE4E-A087-4029-865D-7D833E16CB3C}.Release|x64.Build.0 = Release|Any CPU
		{4D2FDE4E-A087-4029-865D-7D833E16CB3C}.Release|x86.ActiveCfg = Release|Any CPU
		{4D2FDE4E-A087-4029-865D-7D833E16CB3C}.Release|x86.Build.0 = Release|Any CPU
		{D89ED8A2-E3B7-48F7-B231-1ED8C16ACF77}.Debug|Any CPU.ActiveCfg = Debug|Any CPU
		{D89ED8A2-E3B7-48F7-B231-1ED8C16ACF77}.Debug|Any CPU.Build.0 = Debug|Any CPU
		{D89ED8A2-E3B7-48F7-B231-1ED8C16ACF77}.Debug|x64.ActiveCfg = Debug|Any CPU
		{D89ED8A2-E3B7-48F7-B231-1ED8C16ACF77}.Debug|x64.Build.0 = Debug|Any CPU
		{D89ED8A2-E3B7-48F7-B231-1ED8C16ACF77}.Debug|x86.ActiveCfg = Debug|Any CPU
		{D89ED8A2-E3B7-48F7-B231-1ED8C16ACF77}.Debug|x86.Build.0 = Debug|Any CPU
		{D89ED8A2-E3B7-48F7-B231-1ED8C16ACF77}.Release|Any CPU.ActiveCfg = Release|Any CPU
		{D89ED8A2-E3B7-48F7-B231-1ED8C16ACF77}.Release|Any CPU.Build.0 = Release|Any CPU
		{D89ED8A2-E3B7-48F7-B231-1ED8C16ACF77}.Release|x64.ActiveCfg = Release|Any CPU
		{D89ED8A2-E3B7-48F7-B231-1ED8C16ACF77}.Release|x64.Build.0 = Release|Any CPU
		{D89ED8A2-E3B7-48F7-B231-1ED8C16ACF77}.Release|x86.ActiveCfg = Release|Any CPU
		{D89ED8A2-E3B7-48F7-B231-1ED8C16ACF77}.Release|x86.Build.0 = Release|Any CPU
		{53432B37-3C8A-4F2C-80FD-3A8C7489C706}.Debug|Any CPU.ActiveCfg = Debug|Any CPU
		{53432B37-3C8A-4F2C-80FD-3A8C7489C706}.Debug|Any CPU.Build.0 = Debug|Any CPU
		{53432B37-3C8A-4F2C-80FD-3A8C7489C706}.Debug|x64.ActiveCfg = Debug|Any CPU
		{53432B37-3C8A-4F2C-80FD-3A8C7489C706}.Debug|x64.Build.0 = Debug|Any CPU
		{53432B37-3C8A-4F2C-80FD-3A8C7489C706}.Debug|x86.ActiveCfg = Debug|Any CPU
		{53432B37-3C8A-4F2C-80FD-3A8C7489C706}.Debug|x86.Build.0 = Debug|Any CPU
		{53432B37-3C8A-4F2C-80FD-3A8C7489C706}.Release|Any CPU.ActiveCfg = Release|Any CPU
		{53432B37-3C8A-4F2C-80FD-3A8C7489C706}.Release|Any CPU.Build.0 = Release|Any CPU
		{53432B37-3C8A-4F2C-80FD-3A8C7489C706}.Release|x64.ActiveCfg = Release|Any CPU
		{53432B37-3C8A-4F2C-80FD-3A8C7489C706}.Release|x64.Build.0 = Release|Any CPU
		{53432B37-3C8A-4F2C-80FD-3A8C7489C706}.Release|x86.ActiveCfg = Release|Any CPU
		{53432B37-3C8A-4F2C-80FD-3A8C7489C706}.Release|x86.Build.0 = Release|Any CPU
	EndGlobalSection
	GlobalSection(SolutionProperties) = preSolution
		HideSolutionNode = FALSE
	EndGlobalSection
EndGlobal
